{
  "name": "wsnet-server-react-test",
  "lockfileVersion": 3,
  "requires": true,
  "packages": {
    "": {
      "dependencies": {
        "wsnet-server": "^1.0.13"
      }
    },
    "node_modules/ws": {
      "version": "8.17.1",
      "resolved": "https://registry.npmjs.org/ws/-/ws-8.17.1.tgz",
      "integrity": "sha512-6XQFvXTkbfUOZOKKILFG1PDK2NDQs4azKQl26T0YS5CxqWLgXajbPZ+h4gZekJyRqFU8pvnbAbbs/3TgRPy+GQ==",
      "engines": {
        "node": ">=10.0.0"
      },
      "peerDependencies": {
        "bufferutil": "^4.0.1",
        "utf-8-validate": ">=5.0.2"
      },
      "peerDependenciesMeta": {
        "bufferutil": {
          "optional": true
        },
        "utf-8-validate": {
          "optional": true
        }
      }
    },
    "node_modules/wsnet-server": {
      "version": "1.0.13",
      "resolved": "https://registry.npmjs.org/wsnet-server/-/wsnet-server-1.0.13.tgz",
      "integrity": "sha512-Dt5rS9DH0Pw06X6wesGrd5Q0IZc80swBbwyY69ia5b45TFZpnZGS5Ml6iC4hYbffZUwU/sAKyx6mehpvPaGoyA==",
      "dependencies": {
        "ws": "latest"
      }
    }
  }
}
